// !$*UTF8*$!
{
	archiveVersion = 1;
	classes = {
	};
	objectVersion = 56;
	objects = {

/* Begin PBXBuildFile section */
		C0B2BDEF2A9EC0A50028A8DB /* ExternalDisplayDemoApp.swift in Sources */ = {isa = PBXBuildFile; fileRef = C0B2BDEE2A9EC0A50028A8DB /* ExternalDisplayDemoApp.swift */; };
		C0B2BDF12A9EC0A50028A8DB /* ContentView.swift in Sources */ = {isa = PBXBuildFile; fileRef = C0B2BDF02A9EC0A50028A8DB /* ContentView.swift */; };
		C0B2BDF32A9EC0A70028A8DB /* Assets.xcassets in Resources */ = {isa = PBXBuildFile; fileRef = C0B2BDF22A9EC0A70028A8DB /* Assets.xcassets */; };
		C0B2BDF62A9EC0A70028A8DB /* Preview Assets.xcassets in Resources */ = {isa = PBXBuildFile; fileRef = C0B2BDF52A9EC0A70028A8DB /* Preview Assets.xcassets */; };
		C0B2BDFE2A9EC1CF0028A8DB /* PictureViewerSceneDelegate.swift in Sources */ = {isa = PBXBuildFile; fileRef = C0B2BDFD2A9EC1CF0028A8DB /* PictureViewerSceneDelegate.swift */; };
		C0B2BE002A9EC2650028A8DB /* PictureViewerView.swift in Sources */ = {isa = PBXBuildFile; fileRef = C0B2BDFF2A9EC2650028A8DB /* PictureViewerView.swift */; };
/* End PBXBuildFile section */

/* Begin PBXFileReference section */
		C0B2BDEB2A9EC0A50028A8DB /* ExternalDisplayDemo.app */ = {isa = PBXFileReference; explicitFileType = wrapper.application; includeInIndex = 0; path = ExternalDisplayDemo.app; sourceTree = BUILT_PRODUCTS_DIR; };
		C0B2BDEE2A9EC0A50028A8DB /* ExternalDisplayDemoApp.swift */ = {isa = PBXFileReference; lastKnownFileType = sourcecode.swift; path = ExternalDisplayDemoApp.swift; sourceTree = "<group>"; };
		C0B2BDF02A9EC0A50028A8DB /* ContentView.swift */ = {isa = PBXFileReference; lastKnownFileType = sourcecode.swift; path = ContentView.swift; sourceTree = "<group>"; };
		C0B2BDF22A9EC0A70028A8DB /* Assets.xcassets */ = {isa = PBXFileReference; lastKnownFileType = folder.assetcatalog; path = Assets.xcassets; sourceTree = "<group>"; };
		C0B2BDF52A9EC0A70028A8DB /* Preview Assets.xcassets */ = {isa = PBXFileReference; lastKnownFileType = folder.assetcatalog; path = "Preview Assets.xcassets"; sourceTree = "<group>"; };
		C0B2BDFC2A9EC1490028A8DB /* Info.plist */ = {isa = PBXFileReference; lastKnownFileType = text.plist; path = Info.plist; sourceTree = "<group>"; };
		C0B2BDFD2A9EC1CF0028A8DB /* PictureViewerSceneDelegate.swift */ = {isa = PBXFileReference; lastKnownFileType = sourcecode.swift; path = PictureViewerSceneDelegate.swift; sourceTree = "<group>"; };
		C0B2BDFF2A9EC2650028A8DB /* PictureViewerView.swift */ = {isa = PBXFileReference; lastKnownFileType = sourcecode.swift; path = PictureViewerView.swift; sourceTree = "<group>"; };
/* End PBXFileReference section */

/* Begin PBXFrameworksBuildPhase section */
		C0B2BDE82A9EC0A50028A8DB /* Frameworks */ = {
			isa = PBXFrameworksBuildPhase;
			buildActionMask = 2147483647;
			files = (
			);
			runOnlyForDeploymentPostprocessing = 0;
		};
/* End PBXFrameworksBuildPhase section */

/* Begin PBXGroup section */
		C0B2BDE22A9EC0A50028A8DB = {
			isa = PBXGroup;
			children = (
				C0B2BDED2A9EC0A50028A8DB /* ExternalDisplayDemo */,
				C0B2BDEC2A9EC0A50028A8DB /* Products */,
			);
			sourceTree = "<group>";
		};
		C0B2BDEC2A9EC0A50028A8DB /* Products */ = {
			isa = PBXGroup;
			children = (
				C0B2BDEB2A9EC0A50028A8DB /* ExternalDisplayDemo.app */,
			);
			name = Products;
			sourceTree = "<group>";
		};
		C0B2BDED2A9EC0A50028A8DB /* ExternalDisplayDemo */ = {
			isa = PBXGroup;
			children = (
				C0B2BDFC2A9EC1490028A8DB /* Info.plist */,
				C0B2BDEE2A9EC0A50028A8DB /* ExternalDisplayDemoApp.swift */,
				C0B2BDF02A9EC0A50028A8DB /* ContentView.swift */,
				C0B2BDF22A9EC0A70028A8DB /* Assets.xcassets */,
				C0B2BDF42A9EC0A70028A8DB /* Preview Content */,
				C0B2BDFD2A9EC1CF0028A8DB /* PictureViewerSceneDelegate.swift */,
				C0B2BDFF2A9EC2650028A8DB /* PictureViewerView.swift */,
			);
			path = ExternalDisplayDemo;
			sourceTree = "<group>";
		};
		C0B2BDF42A9EC0A70028A8DB /* Preview Content */ = {
			isa = PBXGroup;
			children = (
				C0B2BDF52A9EC0A70028A8DB /* Preview Assets.xcassets */,
			);
			path = "Preview Content";
			sourceTree = "<group>";
		};
/* End PBXGroup section */

/* Begin PBXNativeTarget section */
		C0B2BDEA2A9EC0A50028A8DB /* ExternalDisplayDemo */ = {
			isa = PBXNativeTarget;
			buildConfigurationList = C0B2BDF92A9EC0A70028A8DB /* Build configuration list for PBXNativeTarget "ExternalDisplayDemo" */;
			buildPhases = (
				C0B2BDE72A9EC0A50028A8DB /* Sources */,
				C0B2BDE82A9EC0A50028A8DB /* Frameworks */,
				C0B2BDE92A9EC0A50028A8DB /* Resources */,
			);
			buildRules = (
			);
			dependencies = (
			);
			name = ExternalDisplayDemo;
			productName = ExternalDisplayDemo;
			productReference = C0B2BDEB2A9EC0A50028A8DB /* ExternalDisplayDemo.app */;
			productType = "com.apple.product-type.application";
		};
/* End PBXNativeTarget section */

/* Begin PBXProject section */
		C0B2BDE32A9EC0A50028A8DB /* Project object */ = {
			isa = PBXProject;
			attributes = {
				BuildIndependentTargetsInParallel = 1;
				LastSwiftUpdateCheck = 1500;
				LastUpgradeCheck = 1500;
				TargetAttributes = {
					C0B2BDEA2A9EC0A50028A8DB = {
						CreatedOnToolsVersion = 15.0;
					};
				};
			};
			buildConfigurationList = C0B2BDE62A9EC0A50028A8DB /* Build configuration list for PBXProject "ExternalDisplayDemo" */;
			compatibilityVersion = "Xcode 14.0";
			developmentRegion = en;
			hasScannedForEncodings = 0;
			knownRegions = (
				en,
				Base,
			);
			mainGroup = C0B2BDE22A9EC0A50028A8DB;
			productRefGroup = C0B2BDEC2A9EC0A50028A8DB /* Products */;
			projectDirPath = "";
			projectRoot = "";
			targets = (
				C0B2BDEA2A9EC0A50028A8DB /* ExternalDisplayDemo */,
			);
		};
/* End PBXProject section */

/* Begin PBXResourcesBuildPhase section */
		C0B2BDE92A9EC0A50028A8DB /* Resources */ = {
			isa = PBXResourcesBuildPhase;
			buildActionMask = 2147483647;
			files = (
				C0B2BDF62A9EC0A70028A8DB /* Preview Assets.xcassets in Resources */,
				C0B2BDF32A9EC0A70028A8DB /* Assets.xcassets in Resources */,
			);
			runOnlyForDeploymentPostprocessing = 0;
		};
/* End PBXResourcesBuildPhase section */

/* Begin PBXSourcesBuildPhase section */
		C0B2BDE72A9EC0A50028A8DB /* Sources */ = {
			isa = PBXSourcesBuildPhase;
			buildActionMask = 2147483647;
			files = (
				C0B2BDFE2A9EC1CF0028A8DB /* PictureViewerSceneDelegate.swift in Sources */,
				C0B2BDF12A9EC0A50028A8DB /* ContentView.swift in Sources */,
				C0B2BDEF2A9EC0A50028A8DB /* ExternalDisplayDemoApp.swift in Sources */,
				C0B2BE002A9EC2650028A8DB /* PictureViewerView.swift in Sources */,
			);
			runOnlyForDeploymentPostprocessing = 0;
		};
/* End PBXSourcesBuildPhase section */

/* Begin XCBuildConfiguration section */
		C0B2BDF72A9EC0A70028A8DB /* Debug */ = {
			isa = XCBuildConfiguration;
			buildSettings = {
				ALWAYS_SEARCH_USER_PATHS = NO;
				ASSETCATALOG_COMPILER_GENERATE_SWIFT_ASSET_SYMBOL_EXTENSIONS = YES;
				CLANG_ANALYZER_NONNULL = YES;
				CLANG_ANALYZER_NUMBER_OBJECT_CONVERSION = YES_AGGRESSIVE;
				CLANG_CXX_LANGUAGE_STANDARD = "gnu++20";
				CLANG_ENABLE_MODULES = YES;
				CLANG_ENABLE_OBJC_ARC = YES;
				CLANG_ENABLE_OBJC_WEAK = YES;
				CLANG_WARN_BLOCK_CAPTURE_AUTORELEASING = YES;
				CLANG_WARN_BOOL_CONVERSION = YES;
				CLANG_WARN_COMMA = YES;
				CLANG_WARN_CONSTANT_CONVERSION = YES;
				CLANG_WARN_DEPRECATED_OBJC_IMPLEMENTATIONS = YES;
				CLANG_WARN_DIRECT_OBJC_ISA_USAGE = YES_ERROR;
				CLANG_WARN_DOCUMENTATION_COMMENTS = YES;
				CLANG_WARN_EMPTY_BODY = YES;
				CLANG_WARN_ENUM_CONVERSION = YES;
				CLANG_WARN_INFINITE_RECURSION = YES;
				CLANG_WARN_INT_CONVERSION = YES;
				CLANG_WARN_NON_LITERAL_NULL_CONVERSION = YES;
				CLANG_WARN_OBJC_IMPLICIT_RETAIN_SELF = YES;
				CLANG_WARN_OBJC_LITERAL_CONVERSION = YES;
				CLANG_WARN_OBJC_ROOT_CLASS = YES_ERROR;
				CLANG_WARN_QUOTED_INCLUDE_IN_FRAMEWORK_HEADER = YES;
				CLANG_WARN_RANGE_LOOP_ANALYSIS = YES;
				CLANG_WARN_STRICT_PROTOTYPES = YES;
				CLANG_WARN_SUSPICIOUS_MOVE = YES;
				CLANG_WARN_UNGUARDED_AVAILABILITY = YES_AGGRESSIVE;
				CLANG_WARN_UNREACHABLE_CODE = YES;
				CLANG_WARN__DUPLICATE_METHOD_MATCH = YES;
				COPY_PHASE_STRIP = NO;
				DEBUG_INFORMATION_FORMAT = dwarf;
				ENABLE_STRICT_OBJC_MSGSEND = YES;
				ENABLE_TESTABILITY = YES;
				ENABLE_USER_SCRIPT_SANDBOXING = YES;
				GCC_C_LANGUAGE_STANDARD = gnu17;
				GCC_DYNAMIC_NO_PIC = NO;
				GCC_NO_COMMON_BLOCKS = YES;
				GCC_OPTIMIZATION_LEVEL = 0;
				GCC_PREPROCESSOR_DEFINITIONS = (
					"DEBUG=1",
					"$(inherited)",
				);
				GCC_WARN_64_TO_32_BIT_CONVERSION = YES;
				GCC_WARN_ABOUT_RETURN_TYPE = YES_ERROR;
				GCC_WARN_UNDECLARED_SELECTOR = YES;
				GCC_WARN_UNINITIALIZED_AUTOS = YES_AGGRESSIVE;
				GCC_WARN_UNUSED_FUNCTION = YES;
				GCC_WARN_UNUSED_VARIABLE = YES;
				IPHONEOS_DEPLOYMENT_TARGET = 17.0;
				LOCALIZATION_PREFERS_STRING_CATALOGS = YES;
				MTL_ENABLE_DEBUG_INFO = INCLUDE_SOURCE;
				MTL_FAST_MATH = YES;
				ONLY_ACTIVE_ARCH = YES;
				SDKROOT = iphoneos;
				SWIFT_ACTIVE_COMPILATION_CONDITIONS = "DEBUG $(inherited)";
				SWIFT_OPTIMIZATION_LEVEL = "-Onone";
			};
			name = Debug;
		};
		C0B2BDF82A9EC0A70028A8DB /* Release */ = {
			isa = XCBuildConfiguration;
			buildSettings = {
				ALWAYS_SEARCH_USER_PATHS = NO;
				ASSETCATALOG_COMPILER_GENERATE_SWIFT_ASSET_SYMBOL_EXTENSIONS = YES;
				CLANG_ANALYZER_NONNULL = YES;
				CLANG_ANALYZER_NUMBER_OBJECT_CONVERSION = YES_AGGRESSIVE;
				CLANG_CXX_LANGUAGE_STANDARD = "gnu++20";
				CLANG_ENABLE_MODULES = YES;
				CLANG_ENABLE_OBJC_ARC = YES;
				CLANG_ENABLE_OBJC_WEAK = YES;
				CLANG_WARN_BLOCK_CAPTURE_AUTORELEASING = YES;
				CLANG_WARN_BOOL_CONVERSION = YES;
				CLANG_WARN_COMMA = YES;
				CLANG_WARN_CONSTANT_CONVERSION = YES;
				CLANG_WARN_DEPRECATED_OBJC_IMPLEMENTATIONS = YES;
				CLANG_WARN_DIRECT_OBJC_ISA_USAGE = YES_ERROR;
				CLANG_WARN_DOCUMENTATION_COMMENTS = YES;
				CLANG_WARN_EMPTY_BODY = YES;
				CLANG_WARN_ENUM_CONVERSION = YES;
				CLANG_WARN_INFINITE_RECURSION = YES;
				CLANG_WARN_INT_CONVERSION = YES;
				CLANG_WARN_NON_LITERAL_NULL_CONVERSION = YES;
				CLANG_WARN_OBJC_IMPLICIT_RETAIN_SELF = YES;
				CLANG_WARN_OBJC_LITERAL_CONVERSION = YES;
				CLANG_WARN_OBJC_ROOT_CLASS = YES_ERROR;
				CLANG_WARN_QUOTED_INCLUDE_IN_FRAMEWORK_HEADER = YES;
				CLANG_WARN_RANGE_LOOP_ANALYSIS = YES;
				CLANG_WARN_STRICT_PROTOTYPES = YES;
				CLANG_WARN_SUSPICIOUS_MOVE = YES;
				CLANG_WARN_UNGUARDED_AVAILABILITY = YES_AGGRESSIVE;
				CLANG_WARN_UNREACHABLE_CODE = YES;
				CLANG_WARN__DUPLICATE_METHOD_MATCH = YES;
				COPY_PHASE_STRIP = NO;
				DEBUG_INFORMATION_FORMAT = "dwarf-with-dsym";
				ENABLE_NS_ASSERTIONS = NO;
				ENABLE_STRICT_OBJC_MSGSEND = YES;
				ENABLE_USER_SCRIPT_SANDBOXING = YES;
				GCC_C_LANGUAGE_STANDARD = gnu17;
				GCC_NO_COMMON_BLOCKS = YES;
				GCC_WARN_64_TO_32_BIT_CONVERSION = YES;
				GCC_WARN_ABOUT_RETURN_TYPE = YES_ERROR;
				GCC_WARN_UNDECLARED_SELECTOR = YES;
				GCC_WARN_UNINITIALIZED_AUTOS = YES_AGGRESSIVE;
				GCC_WARN_UNUSED_FUNCTION = YES;
				GCC_WARN_UNUSED_VARIABLE = YES;
				IPHONEOS_DEPLOYMENT_TARGET = 17.0;
				LOCALIZATION_PREFERS_STRING_CATALOGS = YES;
				MTL_ENABLE_DEBUG_INFO = NO;
				MTL_FAST_MATH = YES;
				SDKROOT = iphoneos;
				SWIFT_COMPILATION_MODE = wholemodule;
				VALIDATE_PRODUCT = YES;
			};
			name = Release;
		};
		C0B2BDFA2A9EC0A70028A8DB /* Debug */ = {
			isa = XCBuildConfiguration;
			buildSettings = {
				ASSETCATALOG_COMPILER_APPICON_NAME = AppIcon;
				ASSETCATALOG_COMPILER_GLOBAL_ACCENT_COLOR_NAME = AccentColor;
				CODE_SIGN_STYLE = Automatic;
				CURRENT_PROJECT_VERSION = 1;
				DEVELOPMENT_ASSET_PATHS = "\"ExternalDisplayDemo/Preview Content\"";
				DEVELOPMENT_TEAM = WTG7RTG947;
				ENABLE_PREVIEWS = YES;
				GENERATE_INFOPLIST_FILE = YES;
				INFOPLIST_FILE = ExternalDisplayDemo/Info.plist;
				INFOPLIST_KEY_UIApplicationSupportsIndirectInputEvents = YES;
				INFOPLIST_KEY_UILaunchScreen_Generation = YES;
				INFOPLIST_KEY_UISupportedInterfaceOrientations_iPad = "UIInterfaceOrientationPortrait UIInterfaceOrientationPortraitUpsideDown UIInterfaceOrientationLandscapeLeft UIInterfaceOrientationLandscapeRight";
				INFOPLIST_KEY_UISupportedInterfaceOrientations_iPhone = "UIInterfaceOrientationPortrait UIInterfaceOrientationLandscapeLeft UIInterfaceOrientationLandscapeRight";
				LD_RUNPATH_SEARCH_PATHS = (
					"$(inherited)",
					"@executable_path/Frameworks",
				);
				MARKETING_VERSION = 1.0;
				PRODUCT_BUNDLE_IDENTIFIER = me.michaelfcollins3.ExternalDisplayDemo;
				PRODUCT_NAME = "$(TARGET_NAME)";
				SWIFT_EMIT_LOC_STRINGS = YES;
				SWIFT_VERSION = 5.0;
				TARGETED_DEVICE_FAMILY = "1,2";
			};
			name = Debug;
		};
		C0B2BDFB2A9EC0A70028A8DB /* Release */ = {
			isa = XCBuildConfiguration;
			buildSettings = {
				ASSETCATALOG_COMPILER_APPICON_NAME = AppIcon;
				ASSETCATALOG_COMPILER_GLOBAL_ACCENT_COLOR_NAME = AccentColor;
				CODE_SIGN_STYLE = Automatic;
				CURRENT_PROJECT_VERSION = 1;
				DEVELOPMENT_ASSET_PATHS = "\"ExternalDisplayDemo/Preview Content\"";
				DEVELOPMENT_TEAM = WTG7RTG947;
				ENABLE_PREVIEWS = YES;
				GENERATE_INFOPLIST_FILE = YES;
				INFOPLIST_FILE = ExternalDisplayDemo/Info.plist;
				INFOPLIST_KEY_UIApplicationSupportsIndirectInputEvents = YES;
				INFOPLIST_KEY_UILaunchScreen_Generation = YES;
				INFOPLIST_KEY_UISupportedInterfaceOrientations_iPad = "UIInterfaceOrientationPortrait UIInterfaceOrientationPortraitUpsideDown UIInterfaceOrientationLandscapeLeft UIInterfaceOrientationLandscapeRight";
				INFOPLIST_KEY_UISupportedInterfaceOrientations_iPhone = "UIInterfaceOrientationPortrait UIInterfaceOrientationLandscapeLeft UIInterfaceOrientationLandscapeRight";
				LD_RUNPATH_SEARCH_PATHS = (
					"$(inherited)",
					"@executable_path/Frameworks",
				);
				MARKETING_VERSION = 1.0;
				PRODUCT_BUNDLE_IDENTIFIER = me.michaelfcollins3.ExternalDisplayDemo;
				PRODUCT_NAME = "$(TARGET_NAME)";
				SWIFT_EMIT_LOC_STRINGS = YES;
				SWIFT_VERSION = 5.0;
				TARGETED_DEVICE_FAMILY = "1,2";
			};
			name = Release;
		};
/* End XCBuildConfiguration section */

/* Begin XCConfigurationList section */
		C0B2BDE62A9EC0A50028A8DB /* Build configuration list for PBXProject "ExternalDisplayDemo" */ = {
			isa = XCConfigurationList;
			buildConfigurations = (
				C0B2BDF72A9EC0A70028A8DB /* Debug */,
				C0B2BDF82A9EC0A70028A8DB /* Release */,
			);
			defaultConfigurationIsVisible = 0;
			defaultConfigurationName = Release;
		};
		C0B2BDF92A9EC0A70028A8DB /* Build configuration list for PBXNativeTarget "ExternalDisplayDemo" */ = {
			isa = XCConfigurationList;
			buildConfigurations = (
				C0B2BDFA2A9EC0A70028A8DB /* Debug */,
				C0B2BDFB2A9EC0A70028A8DB /* Release */,
			);
			defaultConfigurationIsVisible = 0;
			defaultConfigurationName = Release;
		};
/* End XCConfigurationList section */
	};
	rootObject = C0B2BDE32A9EC0A50028A8DB /* Project object */;
}
