// !$*UTF8*$!
{
	archiveVersion = 1;
	classes = {
	};
	objectVersion = 56;
	objects = {

/* Begin PBXBuildFile section */
		C0D252142A9E7ACA004EA259 /* ExternalDisplaysApp.swift in Sources */ = {isa = PBXBuildFile; fileRef = C0D252132A9E7ACA004EA259 /* ExternalDisplaysApp.swift */; };
		C0D252162A9E7ACA004EA259 /* ContentView.swift in Sources */ = {isa = PBXBuildFile; fileRef = C0D252152A9E7ACA004EA259 /* ContentView.swift */; };
		C0D252182A9E7ACB004EA259 /* Assets.xcassets in Resources */ = {isa = PBXBuildFile; fileRef = C0D252172A9E7ACB004EA259 /* Assets.xcassets */; };
		C0D2521B2A9E7ACB004EA259 /* Preview Assets.xcassets in Resources */ = {isa = PBXBuildFile; fileRef = C0D2521A2A9E7ACB004EA259 /* Preview Assets.xcassets */; };
		C0D252232A9E7B6D004EA259 /* PictureViewerSceneDelegate.swift in Sources */ = {isa = PBXBuildFile; fileRef = C0D252222A9E7B6D004EA259 /* PictureViewerSceneDelegate.swift */; };
		C0D252252A9E7BEF004EA259 /* PictureViewerView.swift in Sources */ = {isa = PBXBuildFile; fileRef = C0D252242A9E7BEF004EA259 /* PictureViewerView.swift */; };
/* End PBXBuildFile section */

/* Begin PBXFileReference section */
		C0D252102A9E7ACA004EA259 /* ExternalDisplays.app */ = {isa = PBXFileReference; explicitFileType = wrapper.application; includeInIndex = 0; path = ExternalDisplays.app; sourceTree = BUILT_PRODUCTS_DIR; };
		C0D252132A9E7ACA004EA259 /* ExternalDisplaysApp.swift */ = {isa = PBXFileReference; lastKnownFileType = sourcecode.swift; path = ExternalDisplaysApp.swift; sourceTree = "<group>"; };
		C0D252152A9E7ACA004EA259 /* ContentView.swift */ = {isa = PBXFileReference; lastKnownFileType = sourcecode.swift; path = ContentView.swift; sourceTree = "<group>"; };
		C0D252172A9E7ACB004EA259 /* Assets.xcassets */ = {isa = PBXFileReference; lastKnownFileType = folder.assetcatalog; path = Assets.xcassets; sourceTree = "<group>"; };
		C0D2521A2A9E7ACB004EA259 /* Preview Assets.xcassets */ = {isa = PBXFileReference; lastKnownFileType = folder.assetcatalog; path = "Preview Assets.xcassets"; sourceTree = "<group>"; };
		C0D252212A9E7B2E004EA259 /* Info.plist */ = {isa = PBXFileReference; lastKnownFileType = text.plist; path = Info.plist; sourceTree = "<group>"; };
		C0D252222A9E7B6D004EA259 /* PictureViewerSceneDelegate.swift */ = {isa = PBXFileReference; lastKnownFileType = sourcecode.swift; path = PictureViewerSceneDelegate.swift; sourceTree = "<group>"; };
		C0D252242A9E7BEF004EA259 /* PictureViewerView.swift */ = {isa = PBXFileReference; lastKnownFileType = sourcecode.swift; path = PictureViewerView.swift; sourceTree = "<group>"; };
/* End PBXFileReference section */

/* Begin PBXFrameworksBuildPhase section */
		C0D2520D2A9E7ACA004EA259 /* Frameworks */ = {
			isa = PBXFrameworksBuildPhase;
			buildActionMask = 2147483647;
			files = (
			);
			runOnlyForDeploymentPostprocessing = 0;
		};
/* End PBXFrameworksBuildPhase section */

/* Begin PBXGroup section */
		C0D252072A9E7ACA004EA259 = {
			isa = PBXGroup;
			children = (
				C0D252122A9E7ACA004EA259 /* ExternalDisplays */,
				C0D252112A9E7ACA004EA259 /* Products */,
			);
			sourceTree = "<group>";
		};
		C0D252112A9E7ACA004EA259 /* Products */ = {
			isa = PBXGroup;
			children = (
				C0D252102A9E7ACA004EA259 /* ExternalDisplays.app */,
			);
			name = Products;
			sourceTree = "<group>";
		};
		C0D252122A9E7ACA004EA259 /* ExternalDisplays */ = {
			isa = PBXGroup;
			children = (
				C0D252212A9E7B2E004EA259 /* Info.plist */,
				C0D252132A9E7ACA004EA259 /* ExternalDisplaysApp.swift */,
				C0D252152A9E7ACA004EA259 /* ContentView.swift */,
				C0D252172A9E7ACB004EA259 /* Assets.xcassets */,
				C0D252192A9E7ACB004EA259 /* Preview Content */,
				C0D252222A9E7B6D004EA259 /* PictureViewerSceneDelegate.swift */,
				C0D252242A9E7BEF004EA259 /* PictureViewerView.swift */,
			);
			path = ExternalDisplays;
			sourceTree = "<group>";
		};
		C0D252192A9E7ACB004EA259 /* Preview Content */ = {
			isa = PBXGroup;
			children = (
				C0D2521A2A9E7ACB004EA259 /* Preview Assets.xcassets */,
			);
			path = "Preview Content";
			sourceTree = "<group>";
		};
/* End PBXGroup section */

/* Begin PBXNativeTarget section */
		C0D2520F2A9E7ACA004EA259 /* ExternalDisplays */ = {
			isa = PBXNativeTarget;
			buildConfigurationList = C0D2521E2A9E7ACB004EA259 /* Build configuration list for PBXNativeTarget "ExternalDisplays" */;
			buildPhases = (
				C0D2520C2A9E7ACA004EA259 /* Sources */,
				C0D2520D2A9E7ACA004EA259 /* Frameworks */,
				C0D2520E2A9E7ACA004EA259 /* Resources */,
			);
			buildRules = (
			);
			dependencies = (
			);
			name = ExternalDisplays;
			productName = ExternalDisplays;
			productReference = C0D252102A9E7ACA004EA259 /* ExternalDisplays.app */;
			productType = "com.apple.product-type.application";
		};
/* End PBXNativeTarget section */

/* Begin PBXProject section */
		C0D252082A9E7ACA004EA259 /* Project object */ = {
			isa = PBXProject;
			attributes = {
				BuildIndependentTargetsInParallel = 1;
				LastSwiftUpdateCheck = 1500;
				LastUpgradeCheck = 1500;
				TargetAttributes = {
					C0D2520F2A9E7ACA004EA259 = {
						CreatedOnToolsVersion = 15.0;
					};
				};
			};
			buildConfigurationList = C0D2520B2A9E7ACA004EA259 /* Build configuration list for PBXProject "ExternalDisplays" */;
			compatibilityVersion = "Xcode 14.0";
			developmentRegion = en;
			hasScannedForEncodings = 0;
			knownRegions = (
				en,
				Base,
			);
			mainGroup = C0D252072A9E7ACA004EA259;
			productRefGroup = C0D252112A9E7ACA004EA259 /* Products */;
			projectDirPath = "";
			projectRoot = "";
			targets = (
				C0D2520F2A9E7ACA004EA259 /* ExternalDisplays */,
			);
		};
/* End PBXProject section */

/* Begin PBXResourcesBuildPhase section */
		C0D2520E2A9E7ACA004EA259 /* Resources */ = {
			isa = PBXResourcesBuildPhase;
			buildActionMask = 2147483647;
			files = (
				C0D2521B2A9E7ACB004EA259 /* Preview Assets.xcassets in Resources */,
				C0D252182A9E7ACB004EA259 /* Assets.xcassets in Resources */,
			);
			runOnlyForDeploymentPostprocessing = 0;
		};
/* End PBXResourcesBuildPhase section */

/* Begin PBXSourcesBuildPhase section */
		C0D2520C2A9E7ACA004EA259 /* Sources */ = {
			isa = PBXSourcesBuildPhase;
			buildActionMask = 2147483647;
			files = (
				C0D252232A9E7B6D004EA259 /* PictureViewerSceneDelegate.swift in Sources */,
				C0D252162A9E7ACA004EA259 /* ContentView.swift in Sources */,
				C0D252142A9E7ACA004EA259 /* ExternalDisplaysApp.swift in Sources */,
				C0D252252A9E7BEF004EA259 /* PictureViewerView.swift in Sources */,
			);
			runOnlyForDeploymentPostprocessing = 0;
		};
/* End PBXSourcesBuildPhase section */

/* Begin XCBuildConfiguration section */
		C0D2521C2A9E7ACB004EA259 /* Debug */ = {
			isa = XCBuildConfiguration;
			buildSettings = {
				ALWAYS_SEARCH_USER_PATHS = NO;
				ASSETCATALOG_COMPILER_GENERATE_SWIFT_ASSET_SYMBOL_EXTENSIONS = YES;
				CLANG_ANALYZER_NONNULL = YES;
				CLANG_ANALYZER_NUMBER_OBJECT_CONVERSION = YES_AGGRESSIVE;
				CLANG_CXX_LANGUAGE_STANDARD = "gnu++20";
				CLANG_ENABLE_MODULES = YES;
				CLANG_ENABLE_OBJC_ARC = YES;
				CLANG_ENABLE_OBJC_WEAK = YES;
				CLANG_WARN_BLOCK_CAPTURE_AUTORELEASING = YES;
				CLANG_WARN_BOOL_CONVERSION = YES;
				CLANG_WARN_COMMA = YES;
				CLANG_WARN_CONSTANT_CONVERSION = YES;
				CLANG_WARN_DEPRECATED_OBJC_IMPLEMENTATIONS = YES;
				CLANG_WARN_DIRECT_OBJC_ISA_USAGE = YES_ERROR;
				CLANG_WARN_DOCUMENTATION_COMMENTS = YES;
				CLANG_WARN_EMPTY_BODY = YES;
				CLANG_WARN_ENUM_CONVERSION = YES;
				CLANG_WARN_INFINITE_RECURSION = YES;
				CLANG_WARN_INT_CONVERSION = YES;
				CLANG_WARN_NON_LITERAL_NULL_CONVERSION = YES;
				CLANG_WARN_OBJC_IMPLICIT_RETAIN_SELF = YES;
				CLANG_WARN_OBJC_LITERAL_CONVERSION = YES;
				CLANG_WARN_OBJC_ROOT_CLASS = YES_ERROR;
				CLANG_WARN_QUOTED_INCLUDE_IN_FRAMEWORK_HEADER = YES;
				CLANG_WARN_RANGE_LOOP_ANALYSIS = YES;
				CLANG_WARN_STRICT_PROTOTYPES = YES;
				CLANG_WARN_SUSPICIOUS_MOVE = YES;
				CLANG_WARN_UNGUARDED_AVAILABILITY = YES_AGGRESSIVE;
				CLANG_WARN_UNREACHABLE_CODE = YES;
				CLANG_WARN__DUPLICATE_METHOD_MATCH = YES;
				COPY_PHASE_STRIP = NO;
				DEBUG_INFORMATION_FORMAT = dwarf;
				ENABLE_STRICT_OBJC_MSGSEND = YES;
				ENABLE_TESTABILITY = YES;
				ENABLE_USER_SCRIPT_SANDBOXING = YES;
				GCC_C_LANGUAGE_STANDARD = gnu17;
				GCC_DYNAMIC_NO_PIC = NO;
				GCC_NO_COMMON_BLOCKS = YES;
				GCC_OPTIMIZATION_LEVEL = 0;
				GCC_PREPROCESSOR_DEFINITIONS = (
					"DEBUG=1",
					"$(inherited)",
				);
				GCC_WARN_64_TO_32_BIT_CONVERSION = YES;
				GCC_WARN_ABOUT_RETURN_TYPE = YES_ERROR;
				GCC_WARN_UNDECLARED_SELECTOR = YES;
				GCC_WARN_UNINITIALIZED_AUTOS = YES_AGGRESSIVE;
				GCC_WARN_UNUSED_FUNCTION = YES;
				GCC_WARN_UNUSED_VARIABLE = YES;
				IPHONEOS_DEPLOYMENT_TARGET = 17.0;
				LOCALIZATION_PREFERS_STRING_CATALOGS = YES;
				MTL_ENABLE_DEBUG_INFO = INCLUDE_SOURCE;
				MTL_FAST_MATH = YES;
				ONLY_ACTIVE_ARCH = YES;
				SDKROOT = iphoneos;
				SWIFT_ACTIVE_COMPILATION_CONDITIONS = "DEBUG $(inherited)";
				SWIFT_OPTIMIZATION_LEVEL = "-Onone";
			};
			name = Debug;
		};
		C0D2521D2A9E7ACB004EA259 /* Release */ = {
			isa = XCBuildConfiguration;
			buildSettings = {
				ALWAYS_SEARCH_USER_PATHS = NO;
				ASSETCATALOG_COMPILER_GENERATE_SWIFT_ASSET_SYMBOL_EXTENSIONS = YES;
				CLANG_ANALYZER_NONNULL = YES;
				CLANG_ANALYZER_NUMBER_OBJECT_CONVERSION = YES_AGGRESSIVE;
				CLANG_CXX_LANGUAGE_STANDARD = "gnu++20";
				CLANG_ENABLE_MODULES = YES;
				CLANG_ENABLE_OBJC_ARC = YES;
				CLANG_ENABLE_OBJC_WEAK = YES;
				CLANG_WARN_BLOCK_CAPTURE_AUTORELEASING = YES;
				CLANG_WARN_BOOL_CONVERSION = YES;
				CLANG_WARN_COMMA = YES;
				CLANG_WARN_CONSTANT_CONVERSION = YES;
				CLANG_WARN_DEPRECATED_OBJC_IMPLEMENTATIONS = YES;
				CLANG_WARN_DIRECT_OBJC_ISA_USAGE = YES_ERROR;
				CLANG_WARN_DOCUMENTATION_COMMENTS = YES;
				CLANG_WARN_EMPTY_BODY = YES;
				CLANG_WARN_ENUM_CONVERSION = YES;
				CLANG_WARN_INFINITE_RECURSION = YES;
				CLANG_WARN_INT_CONVERSION = YES;
				CLANG_WARN_NON_LITERAL_NULL_CONVERSION = YES;
				CLANG_WARN_OBJC_IMPLICIT_RETAIN_SELF = YES;
				CLANG_WARN_OBJC_LITERAL_CONVERSION = YES;
				CLANG_WARN_OBJC_ROOT_CLASS = YES_ERROR;
				CLANG_WARN_QUOTED_INCLUDE_IN_FRAMEWORK_HEADER = YES;
				CLANG_WARN_RANGE_LOOP_ANALYSIS = YES;
				CLANG_WARN_STRICT_PROTOTYPES = YES;
				CLANG_WARN_SUSPICIOUS_MOVE = YES;
				CLANG_WARN_UNGUARDED_AVAILABILITY = YES_AGGRESSIVE;
				CLANG_WARN_UNREACHABLE_CODE = YES;
				CLANG_WARN__DUPLICATE_METHOD_MATCH = YES;
				COPY_PHASE_STRIP = NO;
				DEBUG_INFORMATION_FORMAT = "dwarf-with-dsym";
				ENABLE_NS_ASSERTIONS = NO;
				ENABLE_STRICT_OBJC_MSGSEND = YES;
				ENABLE_USER_SCRIPT_SANDBOXING = YES;
				GCC_C_LANGUAGE_STANDARD = gnu17;
				GCC_NO_COMMON_BLOCKS = YES;
				GCC_WARN_64_TO_32_BIT_CONVERSION = YES;
				GCC_WARN_ABOUT_RETURN_TYPE = YES_ERROR;
				GCC_WARN_UNDECLARED_SELECTOR = YES;
				GCC_WARN_UNINITIALIZED_AUTOS = YES_AGGRESSIVE;
				GCC_WARN_UNUSED_FUNCTION = YES;
				GCC_WARN_UNUSED_VARIABLE = YES;
				IPHONEOS_DEPLOYMENT_TARGET = 17.0;
				LOCALIZATION_PREFERS_STRING_CATALOGS = YES;
				MTL_ENABLE_DEBUG_INFO = NO;
				MTL_FAST_MATH = YES;
				SDKROOT = iphoneos;
				SWIFT_COMPILATION_MODE = wholemodule;
				VALIDATE_PRODUCT = YES;
			};
			name = Release;
		};
		C0D2521F2A9E7ACB004EA259 /* Debug */ = {
			isa = XCBuildConfiguration;
			buildSettings = {
				ASSETCATALOG_COMPILER_APPICON_NAME = AppIcon;
				ASSETCATALOG_COMPILER_GLOBAL_ACCENT_COLOR_NAME = AccentColor;
				CODE_SIGN_STYLE = Automatic;
				CURRENT_PROJECT_VERSION = 1;
				DEVELOPMENT_ASSET_PATHS = "\"ExternalDisplays/Preview Content\"";
				DEVELOPMENT_TEAM = WTG7RTG947;
				ENABLE_PREVIEWS = YES;
				GENERATE_INFOPLIST_FILE = YES;
				INFOPLIST_FILE = ExternalDisplays/Info.plist;
				INFOPLIST_KEY_UIApplicationSupportsIndirectInputEvents = YES;
				INFOPLIST_KEY_UILaunchScreen_Generation = YES;
				INFOPLIST_KEY_UISupportedInterfaceOrientations_iPad = "UIInterfaceOrientationPortrait UIInterfaceOrientationPortraitUpsideDown UIInterfaceOrientationLandscapeLeft UIInterfaceOrientationLandscapeRight";
				INFOPLIST_KEY_UISupportedInterfaceOrientations_iPhone = "UIInterfaceOrientationPortrait UIInterfaceOrientationLandscapeLeft UIInterfaceOrientationLandscapeRight";
				LD_RUNPATH_SEARCH_PATHS = (
					"$(inherited)",
					"@executable_path/Frameworks",
				);
				MARKETING_VERSION = 1.0;
				PRODUCT_BUNDLE_IDENTIFIER = me.michaelfcollins3.ExternalDisplays;
				PRODUCT_NAME = "$(TARGET_NAME)";
				SWIFT_EMIT_LOC_STRINGS = YES;
				SWIFT_VERSION = 5.0;
				TARGETED_DEVICE_FAMILY = "1,2";
			};
			name = Debug;
		};
		C0D252202A9E7ACB004EA259 /* Release */ = {
			isa = XCBuildConfiguration;
			buildSettings = {
				ASSETCATALOG_COMPILER_APPICON_NAME = AppIcon;
				ASSETCATALOG_COMPILER_GLOBAL_ACCENT_COLOR_NAME = AccentColor;
				CODE_SIGN_STYLE = Automatic;
				CURRENT_PROJECT_VERSION = 1;
				DEVELOPMENT_ASSET_PATHS = "\"ExternalDisplays/Preview Content\"";
				DEVELOPMENT_TEAM = WTG7RTG947;
				ENABLE_PREVIEWS = YES;
				GENERATE_INFOPLIST_FILE = YES;
				INFOPLIST_FILE = ExternalDisplays/Info.plist;
				INFOPLIST_KEY_UIApplicationSupportsIndirectInputEvents = YES;
				INFOPLIST_KEY_UILaunchScreen_Generation = YES;
				INFOPLIST_KEY_UISupportedInterfaceOrientations_iPad = "UIInterfaceOrientationPortrait UIInterfaceOrientationPortraitUpsideDown UIInterfaceOrientationLandscapeLeft UIInterfaceOrientationLandscapeRight";
				INFOPLIST_KEY_UISupportedInterfaceOrientations_iPhone = "UIInterfaceOrientationPortrait UIInterfaceOrientationLandscapeLeft UIInterfaceOrientationLandscapeRight";
				LD_RUNPATH_SEARCH_PATHS = (
					"$(inherited)",
					"@executable_path/Frameworks",
				);
				MARKETING_VERSION = 1.0;
				PRODUCT_BUNDLE_IDENTIFIER = me.michaelfcollins3.ExternalDisplays;
				PRODUCT_NAME = "$(TARGET_NAME)";
				SWIFT_EMIT_LOC_STRINGS = YES;
				SWIFT_VERSION = 5.0;
				TARGETED_DEVICE_FAMILY = "1,2";
			};
			name = Release;
		};
/* End XCBuildConfiguration section */

/* Begin XCConfigurationList section */
		C0D2520B2A9E7ACA004EA259 /* Build configuration list for PBXProject "ExternalDisplays" */ = {
			isa = XCConfigurationList;
			buildConfigurations = (
				C0D2521C2A9E7ACB004EA259 /* Debug */,
				C0D2521D2A9E7ACB004EA259 /* Release */,
			);
			defaultConfigurationIsVisible = 0;
			defaultConfigurationName = Release;
		};
		C0D2521E2A9E7ACB004EA259 /* Build configuration list for PBXNativeTarget "ExternalDisplays" */ = {
			isa = XCConfigurationList;
			buildConfigurations = (
				C0D2521F2A9E7ACB004EA259 /* Debug */,
				C0D252202A9E7ACB004EA259 /* Release */,
			);
			defaultConfigurationIsVisible = 0;
			defaultConfigurationName = Release;
		};
/* End XCConfigurationList section */
	};
	rootObject = C0D252082A9E7ACA004EA259 /* Project object */;
}
